
Microsoft Visual Studio Solution File, Format Version 12.00
# Visual Studio 2013
VisualStudioVersion = 12.0.31101.0
MinimumVisualStudioVersion = 10.0.40219.1
Project("{FAE04EC0-301F-11D3-BF4B-00C04F79EFBC}") = "SortingAlgorithms", "SortingAlgorithms\SortingAlgorithms.csproj", "{CBA22328-B50D-4267-9D87-E1C0DC5E6200}"
EndProject
Project("{FAE04EC0-301F-11D3-BF4B-00C04F79EFBC}") = "TestProject", "TestProject\TestProject.csproj", "{4B6F9F1A-011B-41EB-AAAF-A33EC3120A54}"
EndProject
Project("{FAE04EC0-301F-11D3-BF4B-00C04F79EFBC}") = "QuickSortTrial", "..\QuickSortTrial\QuickSortTrial\QuickSortTrial.csproj", "{253AA842-6665-45DB-A4E6-304A4E7F03F7}"
EndProject
Project("{FAE04EC0-301F-11D3-BF4B-00C04F79EFBC}") = "bitWise", "..\bitWise\bitWise\bitWise.csproj", "{D123355F-1D55-4CBF-93E6-932AE440BFF8}"
EndProject
Project("{FAE04EC0-301F-11D3-BF4B-00C04F79EFBC}") = "SearchingAlgorithms", "SearchingAlgorithms\SearchingAlgorithms.csproj", "{E2DC95B7-9A0E-439F-8588-559DB6532F5E}"
EndProject
Global
	GlobalSection(SolutionConfigurationPlatforms) = preSolution
		Debug|Any CPU = Debug|Any CPU
		Release|Any CPU = Release|Any CPU
	EndGlobalSection
	GlobalSection(ProjectConfigurationPlatforms) = postSolution
		{CBA22328-B50D-4267-9D87-E1C0DC5E6200}.Debug|Any CPU.ActiveCfg = Debug|Any CPU
		{CBA22328-B50D-4267-9D87-E1C0DC5E6200}.Debug|Any CPU.Build.0 = Debug|Any CPU
		{CBA22328-B50D-4267-9D87-E1C0DC5E6200}.Release|Any CPU.ActiveCfg = Release|Any CPU
		{CBA22328-B50D-4267-9D87-E1C0DC5E6200}.Release|Any CPU.Build.0 = Release|Any CPU
		{4B6F9F1A-011B-41EB-AAAF-A33EC3120A54}.Debug|Any CPU.ActiveCfg = Debug|Any CPU
		{4B6F9F1A-011B-41EB-AAAF-A33EC3120A54}.Debug|Any CPU.Build.0 = Debug|Any CPU
		{4B6F9F1A-011B-41EB-AAAF-A33EC3120A54}.Release|Any CPU.ActiveCfg = Release|Any CPU
		{4B6F9F1A-011B-41EB-AAAF-A33EC3120A54}.Release|Any CPU.Build.0 = Release|Any CPU
		{253AA842-6665-45DB-A4E6-304A4E7F03F7}.Debug|Any CPU.ActiveCfg = Debug|Any CPU
		{253AA842-6665-45DB-A4E6-304A4E7F03F7}.Debug|Any CPU.Build.0 = Debug|Any CPU
		{253AA842-6665-45DB-A4E6-304A4E7F03F7}.Release|Any CPU.ActiveCfg = Release|Any CPU
		{253AA842-6665-45DB-A4E6-304A4E7F03F7}.Release|Any CPU.Build.0 = Release|Any CPU
		{D123355F-1D55-4CBF-93E6-932AE440BFF8}.Debug|Any CPU.ActiveCfg = Debug|Any CPU
		{D123355F-1D55-4CBF-93E6-932AE440BFF8}.Debug|Any CPU.Build.0 = Debug|Any CPU
		{D123355F-1D55-4CBF-93E6-932AE440BFF8}.Release|Any CPU.ActiveCfg = Release|Any CPU
		{D123355F-1D55-4CBF-93E6-932AE440BFF8}.Release|Any CPU.Build.0 = Release|Any CPU
		{E2DC95B7-9A0E-439F-8588-559DB6532F5E}.Debug|Any CPU.ActiveCfg = Debug|Any CPU
		{E2DC95B7-9A0E-439F-8588-559DB6532F5E}.Debug|Any CPU.Build.0 = Debug|Any CPU
		{E2DC95B7-9A0E-439F-8588-559DB6532F5E}.Release|Any CPU.ActiveCfg = Release|Any CPU
		{E2DC95B7-9A0E-439F-8588-559DB6532F5E}.Release|Any CPU.Build.0 = Release|Any CPU
	EndGlobalSection
	GlobalSection(SolutionProperties) = preSolution
		HideSolutionNode = FALSE
	EndGlobalSection
EndGlobal
