
Microsoft Visual Studio Solution File, Format Version 12.00
# Visual Studio 2013
VisualStudioVersion = 12.0.31101.0
MinimumVisualStudioVersion = 10.0.40219.1
Project("{FAE04EC0-301F-11D3-BF4B-00C04F79EFBC}") = "SortingAlgorithms", "SortingAlgorithms\SortingAlgorithms.csproj", "{CBA22328-B50D-4267-9D87-E1C0DC5E6200}"
EndProject
Project("{FAE04EC0-301F-11D3-BF4B-00C04F79EFBC}") = "TestProject", "TestProject\TestProject.csproj", "{4B6F9F1A-011B-41EB-AAAF-A33EC3120A54}"
EndProject
Global
	GlobalSection(SolutionConfigurationPlatforms) = preSolution
		Debug|Any CPU = Debug|Any CPU
		Release|Any CPU = Release|Any CPU
	EndGlobalSection
	GlobalSection(ProjectConfigurationPlatforms) = postSolution
		{CBA22328-B50D-4267-9D87-E1C0DC5E6200}.Debug|Any CPU.ActiveCfg = Debug|Any CPU
		{CBA22328-B50D-4267-9D87-E1C0DC5E6200}.Debug|Any CPU.Build.0 = Debug|Any CPU
		{CBA22328-B50D-4267-9D87-E1C0DC5E6200}.Release|Any CPU.ActiveCfg = Release|Any CPU
		{CBA22328-B50D-4267-9D87-E1C0DC5E6200}.Release|Any CPU.Build.0 = Release|Any CPU
		{4B6F9F1A-011B-41EB-AAAF-A33EC3120A54}.Debug|Any CPU.ActiveCfg = Debug|Any CPU
		{4B6F9F1A-011B-41EB-AAAF-A33EC3120A54}.Debug|Any CPU.Build.0 = Debug|Any CPU
		{4B6F9F1A-011B-41EB-AAAF-A33EC3120A54}.Release|Any CPU.ActiveCfg = Release|Any CPU
		{4B6F9F1A-011B-41EB-AAAF-A33EC3120A54}.Release|Any CPU.Build.0 = Release|Any CPU
	EndGlobalSection
	GlobalSection(SolutionProperties) = preSolution
		HideSolutionNode = FALSE
	EndGlobalSection
EndGlobal
